
Microsoft Visual Studio Solution File, Format Version 12.00
# Visual Studio Version 17
VisualStudioVersion = 17.14.36203.30 d17.14
MinimumVisualStudioVersion = 10.0.40219.1
Project("{FAE04EC0-301F-11D3-BF4B-00C04F79EFBC}") = "Hidrobo_ExamenParcial", "Hidrobo_ExamenParcial.csproj", "{6C6DA46F-F562-4B5D-BA9F-F012CD84954C}"
EndProject
Global
	GlobalSection(SolutionConfigurationPlatforms) = preSolution
		Debug|Any CPU = Debug|Any CPU
		Release|Any CPU = Release|Any CPU
	EndGlobalSection
	GlobalSection(ProjectConfigurationPlatforms) = postSolution
		{6C6DA46F-F562-4B5D-BA9F-F012CD84954C}.Debug|Any CPU.ActiveCfg = Debug|Any CPU
		{6C6DA46F-F562-4B5D-BA9F-F012CD84954C}.Debug|Any CPU.Build.0 = Debug|Any CPU
		{6C6DA46F-F562-4B5D-BA9F-F012CD84954C}.Release|Any CPU.ActiveCfg = Release|Any CPU
		{6C6DA46F-F562-4B5D-BA9F-F012CD84954C}.Release|Any CPU.Build.0 = Release|Any CPU
	EndGlobalSection
	GlobalSection(SolutionProperties) = preSolution
		HideSolutionNode = FALSE
	EndGlobalSection
	GlobalSection(ExtensibilityGlobals) = postSolution
		SolutionGuid = {22C1917E-5E95-45A7-9C85-2AD68E6BA7BB}
	EndGlobalSection
EndGlobal
